
Microsoft Visual Studio Solution File, Format Version 12.00
# Visual Studio Version 16
VisualStudioVersion = 25.0.1705.4
MinimumVisualStudioVersion = 10.0.40219.1
Project("{FAE04EC0-301F-11D3-BF4B-00C04F79EFBC}") = "UIAutomationFramework", "UIAutomationFramework\UIAutomationFramework.csproj", "{C92E6DD1-BBD8-4666-BF1C-9FD87493AB98}"
EndProject
Global
	GlobalSection(SolutionConfigurationPlatforms) = preSolution
		Debug|Any CPU = Debug|Any CPU
		Release|Any CPU = Release|Any CPU
	EndGlobalSection
	GlobalSection(ProjectConfigurationPlatforms) = postSolution
		{C92E6DD1-BBD8-4666-BF1C-9FD87493AB98}.Debug|Any CPU.ActiveCfg = Debug|Any CPU
		{C92E6DD1-BBD8-4666-BF1C-9FD87493AB98}.Debug|Any CPU.Build.0 = Debug|Any CPU
		{C92E6DD1-BBD8-4666-BF1C-9FD87493AB98}.Release|Any CPU.ActiveCfg = Release|Any CPU
		{C92E6DD1-BBD8-4666-BF1C-9FD87493AB98}.Release|Any CPU.Build.0 = Release|Any CPU
	EndGlobalSection
	GlobalSection(SolutionProperties) = preSolution
		HideSolutionNode = FALSE
	EndGlobalSection
	GlobalSection(ExtensibilityGlobals) = postSolution
		SolutionGuid = {60D7A74F-3D49-40A1-B22F-D98A548D5BF4}
	EndGlobalSection
EndGlobal
